
Microsoft Visual Studio Solution File, Format Version 12.00
# Visual Studio Version 16
VisualStudioVersion = 16.0.29418.71
MinimumVisualStudioVersion = 10.0.40219.1
Project("{FAE04EC0-301F-11D3-BF4B-00C04F79EFBC}") = "CarDealership_EfCore", "CarDealership_EfCore.csproj", "{5870A8DF-218E-408A-B7AC-42CB9D06564E}"
EndProject
Global
	GlobalSection(SolutionConfigurationPlatforms) = preSolution
		Debug|Any CPU = Debug|Any CPU
		Release|Any CPU = Release|Any CPU
	EndGlobalSection
	GlobalSection(ProjectConfigurationPlatforms) = postSolution
		{5870A8DF-218E-408A-B7AC-42CB9D06564E}.Debug|Any CPU.ActiveCfg = Debug|Any CPU
		{5870A8DF-218E-408A-B7AC-42CB9D06564E}.Debug|Any CPU.Build.0 = Debug|Any CPU
		{5870A8DF-218E-408A-B7AC-42CB9D06564E}.Release|Any CPU.ActiveCfg = Release|Any CPU
		{5870A8DF-218E-408A-B7AC-42CB9D06564E}.Release|Any CPU.Build.0 = Release|Any CPU
	EndGlobalSection
	GlobalSection(SolutionProperties) = preSolution
		HideSolutionNode = FALSE
	EndGlobalSection
	GlobalSection(ExtensibilityGlobals) = postSolution
		SolutionGuid = {2462B1A4-3C7E-4054-8F22-41E30B248591}
	EndGlobalSection
EndGlobal
